{
  "nodes": {
    "nixpkgs": {
      "locked": {
        "lastModified": 1775290560,
        "narHash": "sha256-dKKHlmrCWUz8hgksmD3EDurlNBZVztbzRfyN4wY2Vto=",
        "owner": "NixOS",
        "repo": "nixpkgs",
        "rev": "5ffb0d870cf53cac0141bd477aec8cfddca5fac9",
        "type": "github"
      },
      "original": {
        "owner": "nixos",
        "ref": "nixos-unstable",
        "repo": "nixpkgs",
        "type": "github"
      }
    },
    "root": {
      "inputs": {
        "nixpkgs": "nixpkgs"
      }
    }
  },
  "root": "root",
  "version": 7
}
